
Microsoft Visual Studio Solution File, Format Version 12.00
# Visual Studio Version 16
VisualStudioVersion = 16.0.30907.101
MinimumVisualStudioVersion = 10.0.40219.1
Project("{FAE04EC0-301F-11D3-BF4B-00C04F79EFBC}") = "EmployeeManagement-ReactWebApi", "EmployeeManagement-ReactWebApi\EmployeeManagement-ReactWebApi.csproj", "{67187A86-64B3-43E9-BD04-4F39F81C71E8}"
EndProject
Global
	GlobalSection(SolutionConfigurationPlatforms) = preSolution
		Debug|Any CPU = Debug|Any CPU
		Release|Any CPU = Release|Any CPU
	EndGlobalSection
	GlobalSection(ProjectConfigurationPlatforms) = postSolution
		{67187A86-64B3-43E9-BD04-4F39F81C71E8}.Debug|Any CPU.ActiveCfg = Debug|Any CPU
		{67187A86-64B3-43E9-BD04-4F39F81C71E8}.Debug|Any CPU.Build.0 = Debug|Any CPU
		{67187A86-64B3-43E9-BD04-4F39F81C71E8}.Release|Any CPU.ActiveCfg = Release|Any CPU
		{67187A86-64B3-43E9-BD04-4F39F81C71E8}.Release|Any CPU.Build.0 = Release|Any CPU
	EndGlobalSection
	GlobalSection(SolutionProperties) = preSolution
		HideSolutionNode = FALSE
	EndGlobalSection
	GlobalSection(ExtensibilityGlobals) = postSolution
		SolutionGuid = {342BABF0-D9F4-4CBA-A93A-2BEE4D6C9CCD}
	EndGlobalSection
EndGlobal
